{
  "name": "@ariasbruno/skillbase",
  "version": "0.1.0",
  "lockfileVersion": 3,
  "requires": true,
  "packages": {
    "": {
      "name": "@ariasbruno/skillbase",
      "version": "0.1.0",
      "license": "MIT",
      "bin": {
        "skillbase": "bin/skillbase.js"
      },
      "engines": {
        "node": ">=18.0.0"
      }
    }
  }
}
